# This file was autogenerated by Stack.
# You should not edit this file by hand.
# For more information, please see the documentation at:
#   https://docs.haskellstack.org/en/stable/lock_files

packages:
- completed:
    hackage: posix-escape-0.1@sha256:adbb650397cd8685ea220b40739ee80d4e8329643a98aa2993a6f13a598bd18c,1160
    pantry-tree:
      sha256: e9824c495e3e2a3a1f737b5d2fcdd0ea1ce6b2919cec252c1ef7ca3b19dedf57
      size: 386
  original:
    hackage: posix-escape-0.1
- completed:
    hackage: honeycomb-0.1.0.1@sha256:255820a584335bf3474d8d7f604c0089c92f895c21e3b2b5f4131b7429e3dde6,2748
    pantry-tree:
      sha256: b8b779bd3bf53fbbc0bdfc6c7239256a0b1b4bf4f652cc5967ab35a207b65941
      size: 1454
  original:
    hackage: honeycomb-0.1.0.1
- completed:
    hackage: hs-opentelemetry-api-0.1.0.0@sha256:8af01d0c81dd1af6d3293b105178fd9bfa0057c9eb88ac24d3c440bff660abe3,3705
    pantry-tree:
      sha256: 7c332e7241636097fe199bd87f57db333830bed416296e7ebf944497557f46be
      size: 3221
  original:
    hackage: hs-opentelemetry-api-0.1.0.0
- completed:
    hackage: hs-opentelemetry-otlp-0.0.1.0@sha256:88bb6b68f172a336f78018b0823f47363fb7408eb19f7301489f81ad4d5c0f33,2307
    pantry-tree:
      sha256: e56292fc693805babed3c7ba7fc54e59d2e9adbc38de6bcc659009e8b10b9a1b
      size: 2252
  original:
    hackage: hs-opentelemetry-otlp-0.0.1.0
- completed:
    hackage: hs-opentelemetry-propagator-b3-0.0.1.1@sha256:f0e9da77a888b89f81e5f5186788d5ace2a665e8914f6b446712a1c2edf17743,1854
    pantry-tree:
      sha256: 7ed0b0433837946d86f2ab364ef284dfc17fdcef9b4ea5fc48577a9441deeade
      size: 482
  original:
    hackage: hs-opentelemetry-propagator-b3-0.0.1.1
- completed:
    hackage: hs-opentelemetry-propagator-w3c-0.0.1.3@sha256:5dc2dbdd6b0a4e434ca5fd949e9ebe5611a5d513ef58009b935e9e810cc85d1b,1852
    pantry-tree:
      sha256: 84a8e40facf8df13084682a6e4852d940acc9d9abeaf2d716dbc9415258f4cc5
      size: 496
  original:
    hackage: hs-opentelemetry-propagator-w3c-0.0.1.3
- completed:
    hackage: hs-opentelemetry-sdk-0.0.3.6@sha256:6776705a4e0c06c6a4bfa16a9bed3ba353901f52d214ac737f57ea7f8e1ed465,3746
    pantry-tree:
      sha256: 154663d933a44c350db6c98d2c14db192c14fd04a10c17d0ebb8090707bd359b
      size: 1430
  original:
    hackage: hs-opentelemetry-sdk-0.0.3.6
- completed:
    hackage: hs-opentelemetry-utils-exceptions-0.2.0.0@sha256:b0fe38a18034a2e264719104e288d648eba5e27d5e0e1dd8df6583024f1e3b8c,1579
    pantry-tree:
      sha256: 12af6f97bf7c16cc081e69e581ed49929f9c3feed0a907425a64426929feede1
      size: 406
  original:
    hackage: hs-opentelemetry-utils-exceptions-0.2.0.0
- completed:
    hackage: hs-opentelemetry-vendor-honeycomb-0.0.1.1@sha256:f814005a02f50259c7003d9bee6f82b012da73e1b5b183ab78036015db558a5b,2724
    pantry-tree:
      sha256: ab2c9d0d50127ac454aba93fbf1e392e37ef582a83f6440cf36d50ee6153cc03
      size: 494
  original:
    hackage: hs-opentelemetry-vendor-honeycomb-0.0.1.1
- completed:
    hackage: thread-utils-context-0.3.0.3@sha256:8ca2ee2b09ce3a17b1b8dff8a440b47badefc9418c22b16383f13127c2852ec8,1671
    pantry-tree:
      sha256: 2683cb1443943c9a1159f959092228e91bc1c62678a384652c82d95b955e690a
      size: 397
  original:
    hackage: thread-utils-context-0.3.0.3
- completed:
    hackage: thread-utils-finalizers-0.1.0.0@sha256:a8435240bfc0ae96c94704d2986699a11a395c496f9a7f2e5f5d729a0b967549,1381
    pantry-tree:
      sha256: 7f708d158d5d0e32ffe77f6375a792ceb6f92e4d8dd8b32fc69e7de962e7e518
      size: 400
  original:
    hackage: thread-utils-finalizers-0.1.0.0
- completed:
    name: hs-opentelemetry-exporter-otlp
    pantry-tree:
      sha256: 6ca58760af59fe7dacc5cbf642a461de0367aaed1f5d1a92754a5b27acc88950
      size: 502
    sha256: 8a8d8d08252747c6abe1a2c9f9d14b0fa6ccb5903faa290124d18a2e3690f411
    size: 361699
    subdir: exporters/otlp
    url: https://github.com/parsonsmatt/hs-opentelemetry/archive/da04eede49e659fde15ce8382e9294a6d6732930.tar.gz
    version: 0.0.1.5
  original:
    subdir: exporters/otlp
    url: https://github.com/parsonsmatt/hs-opentelemetry/archive/da04eede49e659fde15ce8382e9294a6d6732930.tar.gz
snapshots:
- completed:
    sha256: 2fc12a405ab6f7eac73eb11a0ca5ccca0e956bd2848db780c140b7406ff9ebb5
    size: 640035
    url: https://raw.githubusercontent.com/commercialhaskell/stackage-snapshots/master/lts/21/9.yaml
  original:
    url: https://raw.githubusercontent.com/commercialhaskell/stackage-snapshots/master/lts/21/9.yaml
